
Microsoft Visual Studio Solution File, Format Version 12.00
# Visual Studio Version 17
VisualStudioVersion = 17.8.34408.163
MinimumVisualStudioVersion = 10.0.40219.1
Project("{FAE04EC0-301F-11D3-BF4B-00C04F79EFBC}") = "BaiThucHanhBuoi1", "BaiThucHanhBuoi1\BaiThucHanhBuoi1.csproj", "{F4137B12-CB4B-4A56-B39A-9875F198571B}"
EndProject
Project("{FAE04EC0-301F-11D3-BF4B-00C04F79EFBC}") = "Bai2", "Bai2\Bai2.csproj", "{C3063B21-D997-4795-BD7F-5E3E8910E5B9}"
EndProject
Global
	GlobalSection(SolutionConfigurationPlatforms) = preSolution
		Debug|Any CPU = Debug|Any CPU
		Release|Any CPU = Release|Any CPU
	EndGlobalSection
	GlobalSection(ProjectConfigurationPlatforms) = postSolution
		{F4137B12-CB4B-4A56-B39A-9875F198571B}.Debug|Any CPU.ActiveCfg = Debug|Any CPU
		{F4137B12-CB4B-4A56-B39A-9875F198571B}.Debug|Any CPU.Build.0 = Debug|Any CPU
		{F4137B12-CB4B-4A56-B39A-9875F198571B}.Release|Any CPU.ActiveCfg = Release|Any CPU
		{F4137B12-CB4B-4A56-B39A-9875F198571B}.Release|Any CPU.Build.0 = Release|Any CPU
		{C3063B21-D997-4795-BD7F-5E3E8910E5B9}.Debug|Any CPU.ActiveCfg = Debug|Any CPU
		{C3063B21-D997-4795-BD7F-5E3E8910E5B9}.Debug|Any CPU.Build.0 = Debug|Any CPU
		{C3063B21-D997-4795-BD7F-5E3E8910E5B9}.Release|Any CPU.ActiveCfg = Release|Any CPU
		{C3063B21-D997-4795-BD7F-5E3E8910E5B9}.Release|Any CPU.Build.0 = Release|Any CPU
	EndGlobalSection
	GlobalSection(SolutionProperties) = preSolution
		HideSolutionNode = FALSE
	EndGlobalSection
	GlobalSection(ExtensibilityGlobals) = postSolution
		SolutionGuid = {FADAF19D-9592-47B0-8F44-A0B29AA64EF4}
	EndGlobalSection
EndGlobal
